
Microsoft Visual Studio Solution File, Format Version 12.00
Project("{FAE04EC0-301F-11D3-BF4B-00C04F79EFBC}") = "Main", "Main\Main.csproj", "{92D31A80-3AC6-43E3-B49A-9E0FA9713022}"
EndProject
Global
	GlobalSection(SolutionConfigurationPlatforms) = preSolution
		Debug|Any CPU = Debug|Any CPU
		Release|Any CPU = Release|Any CPU
	EndGlobalSection
	GlobalSection(ProjectConfigurationPlatforms) = postSolution
		{92D31A80-3AC6-43E3-B49A-9E0FA9713022}.Debug|Any CPU.ActiveCfg = Debug|Any CPU
		{92D31A80-3AC6-43E3-B49A-9E0FA9713022}.Debug|Any CPU.Build.0 = Debug|Any CPU
		{92D31A80-3AC6-43E3-B49A-9E0FA9713022}.Release|Any CPU.ActiveCfg = Release|Any CPU
		{92D31A80-3AC6-43E3-B49A-9E0FA9713022}.Release|Any CPU.Build.0 = Release|Any CPU
	EndGlobalSection
EndGlobal
